// !$*UTF8*$!
{
	archiveVersion = 1;
	classes = {
	};
	objectVersion = 50;
	objects = {

/* Begin PBXBuildFile section */
		293D443622E35CDA004C8D5B /* AppDelegate.swift in Sources */ = {isa = PBXBuildFile; fileRef = 293D443522E35CDA004C8D5B /* AppDelegate.swift */; };
		293D443822E35CDA004C8D5B /* ViewController.swift in Sources */ = {isa = PBXBuildFile; fileRef = 293D443722E35CDA004C8D5B /* ViewController.swift */; };
		293D443B22E35CDA004C8D5B /* Main.storyboard in Resources */ = {isa = PBXBuildFile; fileRef = 293D443922E35CDA004C8D5B /* Main.storyboard */; };
		293D443D22E35CDA004C8D5B /* Assets.xcassets in Resources */ = {isa = PBXBuildFile; fileRef = 293D443C22E35CDA004C8D5B /* Assets.xcassets */; };
		293D444022E35CDA004C8D5B /* LaunchScreen.storyboard in Resources */ = {isa = PBXBuildFile; fileRef = 293D443E22E35CDA004C8D5B /* LaunchScreen.storyboard */; };
		293D444B22E35CDA004C8D5B /* tableviewTests.swift in Sources */ = {isa = PBXBuildFile; fileRef = 293D444A22E35CDA004C8D5B /* tableviewTests.swift */; };
		293D445622E35CDA004C8D5B /* tableviewUITests.swift in Sources */ = {isa = PBXBuildFile; fileRef = 293D445522E35CDA004C8D5B /* tableviewUITests.swift */; };
/* End PBXBuildFile section */

/* Begin PBXContainerItemProxy section */
		293D444722E35CDA004C8D5B /* PBXContainerItemProxy */ = {
			isa = PBXContainerItemProxy;
			containerPortal = 293D442A22E35CDA004C8D5B /* Project object */;
			proxyType = 1;
			remoteGlobalIDString = 293D443122E35CDA004C8D5B;
			remoteInfo = tableview;
		};
		293D445222E35CDA004C8D5B /* PBXContainerItemProxy */ = {
			isa = PBXContainerItemProxy;
			containerPortal = 293D442A22E35CDA004C8D5B /* Project object */;
			proxyType = 1;
			remoteGlobalIDString = 293D443122E35CDA004C8D5B;
			remoteInfo = tableview;
		};
/* End PBXContainerItemProxy section */

/* Begin PBXFileReference section */
		293D443222E35CDA004C8D5B /* tableview.app */ = {isa = PBXFileReference; explicitFileType = wrapper.application; includeInIndex = 0; path = tableview.app; sourceTree = BUILT_PRODUCTS_DIR; };
		293D443522E35CDA004C8D5B /* AppDelegate.swift */ = {isa = PBXFileReference; lastKnownFileType = sourcecode.swift; path = AppDelegate.swift; sourceTree = "<group>"; };
		293D443722E35CDA004C8D5B /* ViewController.swift */ = {isa = PBXFileReference; lastKnownFileType = sourcecode.swift; path = ViewController.swift; sourceTree = "<group>"; };
		293D443A22E35CDA004C8D5B /* Base */ = {isa = PBXFileReference; lastKnownFileType = file.storyboard; name = Base; path = Base.lproj/Main.storyboard; sourceTree = "<group>"; };
		293D443C22E35CDA004C8D5B /* Assets.xcassets */ = {isa = PBXFileReference; lastKnownFileType = folder.assetcatalog; path = Assets.xcassets; sourceTree = "<group>"; };
		293D443F22E35CDA004C8D5B /* Base */ = {isa = PBXFileReference; lastKnownFileType = file.storyboard; name = Base; path = Base.lproj/LaunchScreen.storyboard; sourceTree = "<group>"; };
		293D444122E35CDA004C8D5B /* Info.plist */ = {isa = PBXFileReference; lastKnownFileType = text.plist.xml; path = Info.plist; sourceTree = "<group>"; };
		293D444622E35CDA004C8D5B /* tableviewTests.xctest */ = {isa = PBXFileReference; explicitFileType = wrapper.cfbundle; includeInIndex = 0; path = tableviewTests.xctest; sourceTree = BUILT_PRODUCTS_DIR; };
		293D444A22E35CDA004C8D5B /* tableviewTests.swift */ = {isa = PBXFileReference; lastKnownFileType = sourcecode.swift; path = tableviewTests.swift; sourceTree = "<group>"; };
		293D444C22E35CDA004C8D5B /* Info.plist */ = {isa = PBXFileReference; lastKnownFileType = text.plist.xml; path = Info.plist; sourceTree = "<group>"; };
		293D445122E35CDA004C8D5B /* tableviewUITests.xctest */ = {isa = PBXFileReference; explicitFileType = wrapper.cfbundle; includeInIndex = 0; path = tableviewUITests.xctest; sourceTree = BUILT_PRODUCTS_DIR; };
		293D445522E35CDA004C8D5B /* tableviewUITests.swift */ = {isa = PBXFileReference; lastKnownFileType = sourcecode.swift; path = tableviewUITests.swift; sourceTree = "<group>"; };
		293D445722E35CDA004C8D5B /* Info.plist */ = {isa = PBXFileReference; lastKnownFileType = text.plist.xml; path = Info.plist; sourceTree = "<group>"; };
/* End PBXFileReference section */

/* Begin PBXFrameworksBuildPhase section */
		293D442F22E35CDA004C8D5B /* Frameworks */ = {
			isa = PBXFrameworksBuildPhase;
			buildActionMask = 2147483647;
			files = (
			);
			runOnlyForDeploymentPostprocessing = 0;
		};
		293D444322E35CDA004C8D5B /* Frameworks */ = {
			isa = PBXFrameworksBuildPhase;
			buildActionMask = 2147483647;
			files = (
			);
			runOnlyForDeploymentPostprocessing = 0;
		};
		293D444E22E35CDA004C8D5B /* Frameworks */ = {
			isa = PBXFrameworksBuildPhase;
			buildActionMask = 2147483647;
			files = (
			);
			runOnlyForDeploymentPostprocessing = 0;
		};
/* End PBXFrameworksBuildPhase section */

/* Begin PBXGroup section */
		293D442922E35CDA004C8D5B = {
			isa = PBXGroup;
			children = (
				293D443422E35CDA004C8D5B /* tableview */,
				293D444922E35CDA004C8D5B /* tableviewTests */,
				293D445422E35CDA004C8D5B /* tableviewUITests */,
				293D443322E35CDA004C8D5B /* Products */,
			);
			sourceTree = "<group>";
		};
		293D443322E35CDA004C8D5B /* Products */ = {
			isa = PBXGroup;
			children = (
				293D443222E35CDA004C8D5B /* tableview.app */,
				293D444622E35CDA004C8D5B /* tableviewTests.xctest */,
				293D445122E35CDA004C8D5B /* tableviewUITests.xctest */,
			);
			name = Products;
			sourceTree = "<group>";
		};
		293D443422E35CDA004C8D5B /* tableview */ = {
			isa = PBXGroup;
			children = (
				293D443522E35CDA004C8D5B /* AppDelegate.swift */,
				293D443722E35CDA004C8D5B /* ViewController.swift */,
				293D443922E35CDA004C8D5B /* Main.storyboard */,
				293D443C22E35CDA004C8D5B /* Assets.xcassets */,
				293D443E22E35CDA004C8D5B /* LaunchScreen.storyboard */,
				293D444122E35CDA004C8D5B /* Info.plist */,
			);
			path = tableview;
			sourceTree = "<group>";
		};
		293D444922E35CDA004C8D5B /* tableviewTests */ = {
			isa = PBXGroup;
			children = (
				293D444A22E35CDA004C8D5B /* tableviewTests.swift */,
				293D444C22E35CDA004C8D5B /* Info.plist */,
			);
			path = tableviewTests;
			sourceTree = "<group>";
		};
		293D445422E35CDA004C8D5B /* tableviewUITests */ = {
			isa = PBXGroup;
			children = (
				293D445522E35CDA004C8D5B /* tableviewUITests.swift */,
				293D445722E35CDA004C8D5B /* Info.plist */,
			);
			path = tableviewUITests;
			sourceTree = "<group>";
		};
/* End PBXGroup section */

/* Begin PBXNativeTarget section */
		293D443122E35CDA004C8D5B /* tableview */ = {
			isa = PBXNativeTarget;
			buildConfigurationList = 293D445A22E35CDA004C8D5B /* Build configuration list for PBXNativeTarget "tableview" */;
			buildPhases = (
				293D442E22E35CDA004C8D5B /* Sources */,
				293D442F22E35CDA004C8D5B /* Frameworks */,
				293D443022E35CDA004C8D5B /* Resources */,
			);
			buildRules = (
			);
			dependencies = (
			);
			name = tableview;
			productName = tableview;
			productReference = 293D443222E35CDA004C8D5B /* tableview.app */;
			productType = "com.apple.product-type.application";
		};
		293D444522E35CDA004C8D5B /* tableviewTests */ = {
			isa = PBXNativeTarget;
			buildConfigurationList = 293D445D22E35CDA004C8D5B /* Build configuration list for PBXNativeTarget "tableviewTests" */;
			buildPhases = (
				293D444222E35CDA004C8D5B /* Sources */,
				293D444322E35CDA004C8D5B /* Frameworks */,
				293D444422E35CDA004C8D5B /* Resources */,
			);
			buildRules = (
			);
			dependencies = (
				293D444822E35CDA004C8D5B /* PBXTargetDependency */,
			);
			name = tableviewTests;
			productName = tableviewTests;
			productReference = 293D444622E35CDA004C8D5B /* tableviewTests.xctest */;
			productType = "com.apple.product-type.bundle.unit-test";
		};
		293D445022E35CDA004C8D5B /* tableviewUITests */ = {
			isa = PBXNativeTarget;
			buildConfigurationList = 293D446022E35CDA004C8D5B /* Build configuration list for PBXNativeTarget "tableviewUITests" */;
			buildPhases = (
				293D444D22E35CDA004C8D5B /* Sources */,
				293D444E22E35CDA004C8D5B /* Frameworks */,
				293D444F22E35CDA004C8D5B /* Resources */,
			);
			buildRules = (
			);
			dependencies = (
				293D445322E35CDA004C8D5B /* PBXTargetDependency */,
			);
			name = tableviewUITests;
			productName = tableviewUITests;
			productReference = 293D445122E35CDA004C8D5B /* tableviewUITests.xctest */;
			productType = "com.apple.product-type.bundle.ui-testing";
		};
/* End PBXNativeTarget section */

/* Begin PBXProject section */
		293D442A22E35CDA004C8D5B /* Project object */ = {
			isa = PBXProject;
			attributes = {
				LastSwiftUpdateCheck = 1020;
				LastUpgradeCheck = 1020;
				ORGANIZATIONNAME = "HueWoon Kim";
				TargetAttributes = {
					293D443122E35CDA004C8D5B = {
						CreatedOnToolsVersion = 10.2.1;
					};
					293D444522E35CDA004C8D5B = {
						CreatedOnToolsVersion = 10.2.1;
						TestTargetID = 293D443122E35CDA004C8D5B;
					};
					293D445022E35CDA004C8D5B = {
						CreatedOnToolsVersion = 10.2.1;
						TestTargetID = 293D443122E35CDA004C8D5B;
					};
				};
			};
			buildConfigurationList = 293D442D22E35CDA004C8D5B /* Build configuration list for PBXProject "tableview" */;
			compatibilityVersion = "Xcode 9.3";
			developmentRegion = en;
			hasScannedForEncodings = 0;
			knownRegions = (
				en,
				Base,
			);
			mainGroup = 293D442922E35CDA004C8D5B;
			productRefGroup = 293D443322E35CDA004C8D5B /* Products */;
			projectDirPath = "";
			projectRoot = "";
			targets = (
				293D443122E35CDA004C8D5B /* tableview */,
				293D444522E35CDA004C8D5B /* tableviewTests */,
				293D445022E35CDA004C8D5B /* tableviewUITests */,
			);
		};
/* End PBXProject section */

/* Begin PBXResourcesBuildPhase section */
		293D443022E35CDA004C8D5B /* Resources */ = {
			isa = PBXResourcesBuildPhase;
			buildActionMask = 2147483647;
			files = (
				293D444022E35CDA004C8D5B /* LaunchScreen.storyboard in Resources */,
				293D443D22E35CDA004C8D5B /* Assets.xcassets in Resources */,
				293D443B22E35CDA004C8D5B /* Main.storyboard in Resources */,
			);
			runOnlyForDeploymentPostprocessing = 0;
		};
		293D444422E35CDA004C8D5B /* Resources */ = {
			isa = PBXResourcesBuildPhase;
			buildActionMask = 2147483647;
			files = (
			);
			runOnlyForDeploymentPostprocessing = 0;
		};
		293D444F22E35CDA004C8D5B /* Resources */ = {
			isa = PBXResourcesBuildPhase;
			buildActionMask = 2147483647;
			files = (
			);
			runOnlyForDeploymentPostprocessing = 0;
		};
/* End PBXResourcesBuildPhase section */

/* Begin PBXSourcesBuildPhase section */
		293D442E22E35CDA004C8D5B /* Sources */ = {
			isa = PBXSourcesBuildPhase;
			buildActionMask = 2147483647;
			files = (
				293D443822E35CDA004C8D5B /* ViewController.swift in Sources */,
				293D443622E35CDA004C8D5B /* AppDelegate.swift in Sources */,
			);
			runOnlyForDeploymentPostprocessing = 0;
		};
		293D444222E35CDA004C8D5B /* Sources */ = {
			isa = PBXSourcesBuildPhase;
			buildActionMask = 2147483647;
			files = (
				293D444B22E35CDA004C8D5B /* tableviewTests.swift in Sources */,
			);
			runOnlyForDeploymentPostprocessing = 0;
		};
		293D444D22E35CDA004C8D5B /* Sources */ = {
			isa = PBXSourcesBuildPhase;
			buildActionMask = 2147483647;
			files = (
				293D445622E35CDA004C8D5B /* tableviewUITests.swift in Sources */,
			);
			runOnlyForDeploymentPostprocessing = 0;
		};
/* End PBXSourcesBuildPhase section */

/* Begin PBXTargetDependency section */
		293D444822E35CDA004C8D5B /* PBXTargetDependency */ = {
			isa = PBXTargetDependency;
			target = 293D443122E35CDA004C8D5B /* tableview */;
			targetProxy = 293D444722E35CDA004C8D5B /* PBXContainerItemProxy */;
		};
		293D445322E35CDA004C8D5B /* PBXTargetDependency */ = {
			isa = PBXTargetDependency;
			target = 293D443122E35CDA004C8D5B /* tableview */;
			targetProxy = 293D445222E35CDA004C8D5B /* PBXContainerItemProxy */;
		};
/* End PBXTargetDependency section */

/* Begin PBXVariantGroup section */
		293D443922E35CDA004C8D5B /* Main.storyboard */ = {
			isa = PBXVariantGroup;
			children = (
				293D443A22E35CDA004C8D5B /* Base */,
			);
			name = Main.storyboard;
			sourceTree = "<group>";
		};
		293D443E22E35CDA004C8D5B /* LaunchScreen.storyboard */ = {
			isa = PBXVariantGroup;
			children = (
				293D443F22E35CDA004C8D5B /* Base */,
			);
			name = LaunchScreen.storyboard;
			sourceTree = "<group>";
		};
/* End PBXVariantGroup section */

/* Begin XCBuildConfiguration section */
		293D445822E35CDA004C8D5B /* Debug */ = {
			isa = XCBuildConfiguration;
			buildSettings = {
				ALWAYS_SEARCH_USER_PATHS = NO;
				CLANG_ANALYZER_NONNULL = YES;
				CLANG_ANALYZER_NUMBER_OBJECT_CONVERSION = YES_AGGRESSIVE;
				CLANG_CXX_LANGUAGE_STANDARD = "gnu++14";
				CLANG_CXX_LIBRARY = "libc++";
				CLANG_ENABLE_MODULES = YES;
				CLANG_ENABLE_OBJC_ARC = YES;
				CLANG_ENABLE_OBJC_WEAK = YES;
				CLANG_WARN_BLOCK_CAPTURE_AUTORELEASING = YES;
				CLANG_WARN_BOOL_CONVERSION = YES;
				CLANG_WARN_COMMA = YES;
				CLANG_WARN_CONSTANT_CONVERSION = YES;
				CLANG_WARN_DEPRECATED_OBJC_IMPLEMENTATIONS = YES;
				CLANG_WARN_DIRECT_OBJC_ISA_USAGE = YES_ERROR;
				CLANG_WARN_DOCUMENTATION_COMMENTS = YES;
				CLANG_WARN_EMPTY_BODY = YES;
				CLANG_WARN_ENUM_CONVERSION = YES;
				CLANG_WARN_INFINITE_RECURSION = YES;
				CLANG_WARN_INT_CONVERSION = YES;
				CLANG_WARN_NON_LITERAL_NULL_CONVERSION = YES;
				CLANG_WARN_OBJC_IMPLICIT_RETAIN_SELF = YES;
				CLANG_WARN_OBJC_LITERAL_CONVERSION = YES;
				CLANG_WARN_OBJC_ROOT_CLASS = YES_ERROR;
				CLANG_WARN_RANGE_LOOP_ANALYSIS = YES;
				CLANG_WARN_STRICT_PROTOTYPES = YES;
				CLANG_WARN_SUSPICIOUS_MOVE = YES;
				CLANG_WARN_UNGUARDED_AVAILABILITY = YES_AGGRESSIVE;
				CLANG_WARN_UNREACHABLE_CODE = YES;
				CLANG_WARN__DUPLICATE_METHOD_MATCH = YES;
				CODE_SIGN_IDENTITY = "iPhone Developer";
				COPY_PHASE_STRIP = NO;
				DEBUG_INFORMATION_FORMAT = dwarf;
				ENABLE_STRICT_OBJC_MSGSEND = YES;
				ENABLE_TESTABILITY = YES;
				GCC_C_LANGUAGE_STANDARD = gnu11;
				GCC_DYNAMIC_NO_PIC = NO;
				GCC_NO_COMMON_BLOCKS = YES;
				GCC_OPTIMIZATION_LEVEL = 0;
				GCC_PREPROCESSOR_DEFINITIONS = (
					"DEBUG=1",
					"$(inherited)",
				);
				GCC_WARN_64_TO_32_BIT_CONVERSION = YES;
				GCC_WARN_ABOUT_RETURN_TYPE = YES_ERROR;
				GCC_WARN_UNDECLARED_SELECTOR = YES;
				GCC_WARN_UNINITIALIZED_AUTOS = YES_AGGRESSIVE;
				GCC_WARN_UNUSED_FUNCTION = YES;
				GCC_WARN_UNUSED_VARIABLE = YES;
				IPHONEOS_DEPLOYMENT_TARGET = 12.2;
				MTL_ENABLE_DEBUG_INFO = INCLUDE_SOURCE;
				MTL_FAST_MATH = YES;
				ONLY_ACTIVE_ARCH = YES;
				SDKROOT = iphoneos;
				SWIFT_ACTIVE_COMPILATION_CONDITIONS = DEBUG;
				SWIFT_OPTIMIZATION_LEVEL = "-Onone";
			};
			name = Debug;
		};
		293D445922E35CDA004C8D5B /* Release */ = {
			isa = XCBuildConfiguration;
			buildSettings = {
				ALWAYS_SEARCH_USER_PATHS = NO;
				CLANG_ANALYZER_NONNULL = YES;
				CLANG_ANALYZER_NUMBER_OBJECT_CONVERSION = YES_AGGRESSIVE;
				CLANG_CXX_LANGUAGE_STANDARD = "gnu++14";
				CLANG_CXX_LIBRARY = "libc++";
				CLANG_ENABLE_MODULES = YES;
				CLANG_ENABLE_OBJC_ARC = YES;
				CLANG_ENABLE_OBJC_WEAK = YES;
				CLANG_WARN_BLOCK_CAPTURE_AUTORELEASING = YES;
				CLANG_WARN_BOOL_CONVERSION = YES;
				CLANG_WARN_COMMA = YES;
				CLANG_WARN_CONSTANT_CONVERSION = YES;
				CLANG_WARN_DEPRECATED_OBJC_IMPLEMENTATIONS = YES;
				CLANG_WARN_DIRECT_OBJC_ISA_USAGE = YES_ERROR;
				CLANG_WARN_DOCUMENTATION_COMMENTS = YES;
				CLANG_WARN_EMPTY_BODY = YES;
				CLANG_WARN_ENUM_CONVERSION = YES;
				CLANG_WARN_INFINITE_RECURSION = YES;
				CLANG_WARN_INT_CONVERSION = YES;
				CLANG_WARN_NON_LITERAL_NULL_CONVERSION = YES;
				CLANG_WARN_OBJC_IMPLICIT_RETAIN_SELF = YES;
				CLANG_WARN_OBJC_LITERAL_CONVERSION = YES;
				CLANG_WARN_OBJC_ROOT_CLASS = YES_ERROR;
				CLANG_WARN_RANGE_LOOP_ANALYSIS = YES;
				CLANG_WARN_STRICT_PROTOTYPES = YES;
				CLANG_WARN_SUSPICIOUS_MOVE = YES;
				CLANG_WARN_UNGUARDED_AVAILABILITY = YES_AGGRESSIVE;
				CLANG_WARN_UNREACHABLE_CODE = YES;
				CLANG_WARN__DUPLICATE_METHOD_MATCH = YES;
				CODE_SIGN_IDENTITY = "iPhone Developer";
				COPY_PHASE_STRIP = NO;
				DEBUG_INFORMATION_FORMAT = "dwarf-with-dsym";
				ENABLE_NS_ASSERTIONS = NO;
				ENABLE_STRICT_OBJC_MSGSEND = YES;
				GCC_C_LANGUAGE_STANDARD = gnu11;
				GCC_NO_COMMON_BLOCKS = YES;
				GCC_WARN_64_TO_32_BIT_CONVERSION = YES;
				GCC_WARN_ABOUT_RETURN_TYPE = YES_ERROR;
				GCC_WARN_UNDECLARED_SELECTOR = YES;
				GCC_WARN_UNINITIALIZED_AUTOS = YES_AGGRESSIVE;
				GCC_WARN_UNUSED_FUNCTION = YES;
				GCC_WARN_UNUSED_VARIABLE = YES;
				IPHONEOS_DEPLOYMENT_TARGET = 12.2;
				MTL_ENABLE_DEBUG_INFO = NO;
				MTL_FAST_MATH = YES;
				SDKROOT = iphoneos;
				SWIFT_COMPILATION_MODE = wholemodule;
				SWIFT_OPTIMIZATION_LEVEL = "-O";
				VALIDATE_PRODUCT = YES;
			};
			name = Release;
		};
		293D445B22E35CDA004C8D5B /* Debug */ = {
			isa = XCBuildConfiguration;
			buildSettings = {
				ASSETCATALOG_COMPILER_APPICON_NAME = AppIcon;
				CODE_SIGN_STYLE = Automatic;
				DEVELOPMENT_TEAM = HDYNS69RR9;
				INFOPLIST_FILE = tableview/Info.plist;
				LD_RUNPATH_SEARCH_PATHS = (
					"$(inherited)",
					"@executable_path/Frameworks",
				);
				PRODUCT_BUNDLE_IDENTIFIER = com.example.tableview;
				PRODUCT_NAME = "$(TARGET_NAME)";
				SWIFT_VERSION = 5.0;
				TARGETED_DEVICE_FAMILY = "1,2";
			};
			name = Debug;
		};
		293D445C22E35CDA004C8D5B /* Release */ = {
			isa = XCBuildConfiguration;
			buildSettings = {
				ASSETCATALOG_COMPILER_APPICON_NAME = AppIcon;
				CODE_SIGN_STYLE = Automatic;
				DEVELOPMENT_TEAM = HDYNS69RR9;
				INFOPLIST_FILE = tableview/Info.plist;
				LD_RUNPATH_SEARCH_PATHS = (
					"$(inherited)",
					"@executable_path/Frameworks",
				);
				PRODUCT_BUNDLE_IDENTIFIER = com.example.tableview;
				PRODUCT_NAME = "$(TARGET_NAME)";
				SWIFT_VERSION = 5.0;
				TARGETED_DEVICE_FAMILY = "1,2";
			};
			name = Release;
		};
		293D445E22E35CDA004C8D5B /* Debug */ = {
			isa = XCBuildConfiguration;
			buildSettings = {
				ALWAYS_EMBED_SWIFT_STANDARD_LIBRARIES = YES;
				BUNDLE_LOADER = "$(TEST_HOST)";
				CODE_SIGN_STYLE = Automatic;
				DEVELOPMENT_TEAM = HDYNS69RR9;
				INFOPLIST_FILE = tableviewTests/Info.plist;
				LD_RUNPATH_SEARCH_PATHS = (
					"$(inherited)",
					"@executable_path/Frameworks",
					"@loader_path/Frameworks",
				);
				PRODUCT_BUNDLE_IDENTIFIER = com.example.tableviewTests;
				PRODUCT_NAME = "$(TARGET_NAME)";
				SWIFT_VERSION = 5.0;
				TARGETED_DEVICE_FAMILY = "1,2";
				TEST_HOST = "$(BUILT_PRODUCTS_DIR)/tableview.app/tableview";
			};
			name = Debug;
		};
		293D445F22E35CDA004C8D5B /* Release */ = {
			isa = XCBuildConfiguration;
			buildSettings = {
				ALWAYS_EMBED_SWIFT_STANDARD_LIBRARIES = YES;
				BUNDLE_LOADER = "$(TEST_HOST)";
				CODE_SIGN_STYLE = Automatic;
				DEVELOPMENT_TEAM = HDYNS69RR9;
				INFOPLIST_FILE = tableviewTests/Info.plist;
				LD_RUNPATH_SEARCH_PATHS = (
					"$(inherited)",
					"@executable_path/Frameworks",
					"@loader_path/Frameworks",
				);
				PRODUCT_BUNDLE_IDENTIFIER = com.example.tableviewTests;
				PRODUCT_NAME = "$(TARGET_NAME)";
				SWIFT_VERSION = 5.0;
				TARGETED_DEVICE_FAMILY = "1,2";
				TEST_HOST = "$(BUILT_PRODUCTS_DIR)/tableview.app/tableview";
			};
			name = Release;
		};
		293D446122E35CDA004C8D5B /* Debug */ = {
			isa = XCBuildConfiguration;
			buildSettings = {
				ALWAYS_EMBED_SWIFT_STANDARD_LIBRARIES = YES;
				CODE_SIGN_STYLE = Automatic;
				DEVELOPMENT_TEAM = HDYNS69RR9;
				INFOPLIST_FILE = tableviewUITests/Info.plist;
				LD_RUNPATH_SEARCH_PATHS = (
					"$(inherited)",
					"@executable_path/Frameworks",
					"@loader_path/Frameworks",
				);
				PRODUCT_BUNDLE_IDENTIFIER = com.example.tableviewUITests;
				PRODUCT_NAME = "$(TARGET_NAME)";
				SWIFT_VERSION = 5.0;
				TARGETED_DEVICE_FAMILY = "1,2";
				TEST_TARGET_NAME = tableview;
			};
			name = Debug;
		};
		293D446222E35CDA004C8D5B /* Release */ = {
			isa = XCBuildConfiguration;
			buildSettings = {
				ALWAYS_EMBED_SWIFT_STANDARD_LIBRARIES = YES;
				CODE_SIGN_STYLE = Automatic;
				DEVELOPMENT_TEAM = HDYNS69RR9;
				INFOPLIST_FILE = tableviewUITests/Info.plist;
				LD_RUNPATH_SEARCH_PATHS = (
					"$(inherited)",
					"@executable_path/Frameworks",
					"@loader_path/Frameworks",
				);
				PRODUCT_BUNDLE_IDENTIFIER = com.example.tableviewUITests;
				PRODUCT_NAME = "$(TARGET_NAME)";
				SWIFT_VERSION = 5.0;
				TARGETED_DEVICE_FAMILY = "1,2";
				TEST_TARGET_NAME = tableview;
			};
			name = Release;
		};
/* End XCBuildConfiguration section */

/* Begin XCConfigurationList section */
		293D442D22E35CDA004C8D5B /* Build configuration list for PBXProject "tableview" */ = {
			isa = XCConfigurationList;
			buildConfigurations = (
				293D445822E35CDA004C8D5B /* Debug */,
				293D445922E35CDA004C8D5B /* Release */,
			);
			defaultConfigurationIsVisible = 0;
			defaultConfigurationName = Release;
		};
		293D445A22E35CDA004C8D5B /* Build configuration list for PBXNativeTarget "tableview" */ = {
			isa = XCConfigurationList;
			buildConfigurations = (
				293D445B22E35CDA004C8D5B /* Debug */,
				293D445C22E35CDA004C8D5B /* Release */,
			);
			defaultConfigurationIsVisible = 0;
			defaultConfigurationName = Release;
		};
		293D445D22E35CDA004C8D5B /* Build configuration list for PBXNativeTarget "tableviewTests" */ = {
			isa = XCConfigurationList;
			buildConfigurations = (
				293D445E22E35CDA004C8D5B /* Debug */,
				293D445F22E35CDA004C8D5B /* Release */,
			);
			defaultConfigurationIsVisible = 0;
			defaultConfigurationName = Release;
		};
		293D446022E35CDA004C8D5B /* Build configuration list for PBXNativeTarget "tableviewUITests" */ = {
			isa = XCConfigurationList;
			buildConfigurations = (
				293D446122E35CDA004C8D5B /* Debug */,
				293D446222E35CDA004C8D5B /* Release */,
			);
			defaultConfigurationIsVisible = 0;
			defaultConfigurationName = Release;
		};
/* End XCConfigurationList section */
	};
	rootObject = 293D442A22E35CDA004C8D5B /* Project object */;
}
